
Microsoft Visual Studio Solution File, Format Version 12.00
# Visual Studio Version 17
VisualStudioVersion = 17.1.32228.430
MinimumVisualStudioVersion = 10.0.40219.1
Project("{9A19103F-16F7-4668-BE54-9A1E7A4F7556}") = "North.Businesss", "IyzicoVirtualPayment\North.Businesss.csproj", "{8ECB5432-71AB-4EE5-8C78-FE9FAE0AE6E9}"
EndProject
Project("{FAE04EC0-301F-11D3-BF4B-00C04F79EFBC}") = "North.Core", "North.Core\North.Core.csproj", "{FF6D8DD2-F61E-4296-9987-09A0A87CCA7F}"
EndProject
Project("{FAE04EC0-301F-11D3-BF4B-00C04F79EFBC}") = "North.Data", "North.Data\North.Data.csproj", "{13645B10-8C14-46FC-B2A1-DD5C519D4A56}"
EndProject
Project("{FAE04EC0-301F-11D3-BF4B-00C04F79EFBC}") = "North.Web", "North.Web\North.Web.csproj", "{FBE8E481-502B-4AC2-83F1-02DF2FB24128}"
EndProject
Global
	GlobalSection(SolutionConfigurationPlatforms) = preSolution
		Debug|Any CPU = Debug|Any CPU
		Release|Any CPU = Release|Any CPU
	EndGlobalSection
	GlobalSection(ProjectConfigurationPlatforms) = postSolution
		{8ECB5432-71AB-4EE5-8C78-FE9FAE0AE6E9}.Debug|Any CPU.ActiveCfg = Debug|Any CPU
		{8ECB5432-71AB-4EE5-8C78-FE9FAE0AE6E9}.Debug|Any CPU.Build.0 = Debug|Any CPU
		{8ECB5432-71AB-4EE5-8C78-FE9FAE0AE6E9}.Release|Any CPU.ActiveCfg = Release|Any CPU
		{8ECB5432-71AB-4EE5-8C78-FE9FAE0AE6E9}.Release|Any CPU.Build.0 = Release|Any CPU
		{FF6D8DD2-F61E-4296-9987-09A0A87CCA7F}.Debug|Any CPU.ActiveCfg = Debug|Any CPU
		{FF6D8DD2-F61E-4296-9987-09A0A87CCA7F}.Debug|Any CPU.Build.0 = Debug|Any CPU
		{FF6D8DD2-F61E-4296-9987-09A0A87CCA7F}.Release|Any CPU.ActiveCfg = Release|Any CPU
		{FF6D8DD2-F61E-4296-9987-09A0A87CCA7F}.Release|Any CPU.Build.0 = Release|Any CPU
		{13645B10-8C14-46FC-B2A1-DD5C519D4A56}.Debug|Any CPU.ActiveCfg = Debug|Any CPU
		{13645B10-8C14-46FC-B2A1-DD5C519D4A56}.Debug|Any CPU.Build.0 = Debug|Any CPU
		{13645B10-8C14-46FC-B2A1-DD5C519D4A56}.Release|Any CPU.ActiveCfg = Release|Any CPU
		{13645B10-8C14-46FC-B2A1-DD5C519D4A56}.Release|Any CPU.Build.0 = Release|Any CPU
		{FBE8E481-502B-4AC2-83F1-02DF2FB24128}.Debug|Any CPU.ActiveCfg = Debug|Any CPU
		{FBE8E481-502B-4AC2-83F1-02DF2FB24128}.Debug|Any CPU.Build.0 = Debug|Any CPU
		{FBE8E481-502B-4AC2-83F1-02DF2FB24128}.Release|Any CPU.ActiveCfg = Release|Any CPU
		{FBE8E481-502B-4AC2-83F1-02DF2FB24128}.Release|Any CPU.Build.0 = Release|Any CPU
	EndGlobalSection
	GlobalSection(SolutionProperties) = preSolution
		HideSolutionNode = FALSE
	EndGlobalSection
	GlobalSection(ExtensibilityGlobals) = postSolution
		SolutionGuid = {8870A0E3-1075-4258-A34D-C920B318FDD4}
	EndGlobalSection
EndGlobal
